// !$*UTF8*$!
{
	archiveVersion = 1;
	classes = {
	};
	objectVersion = 50;
	objects = {

/* Begin PBXBuildFile section */
		6327193222177F3D00934E85 /* PhotosFetch.swift in Sources */ = {isa = PBXBuildFile; fileRef = 6327193122177F3D00934E85 /* PhotosFetch.swift */; };
		637F4CEA2219CE700076EA7E /* AlertController.swift in Sources */ = {isa = PBXBuildFile; fileRef = 637F4CE92219CE700076EA7E /* AlertController.swift */; };
		637F4CEC2219F8BD0076EA7E /* CoreDataMethods.swift in Sources */ = {isa = PBXBuildFile; fileRef = 637F4CEB2219F8BD0076EA7E /* CoreDataMethods.swift */; };
		63A653242215E21400A22B69 /* AppDelegate.swift in Sources */ = {isa = PBXBuildFile; fileRef = 63A653232215E21400A22B69 /* AppDelegate.swift */; };
		63A653262215E21400A22B69 /* GalleryViewController.swift in Sources */ = {isa = PBXBuildFile; fileRef = 63A653252215E21400A22B69 /* GalleryViewController.swift */; };
		63A653292215E21400A22B69 /* Main.storyboard in Resources */ = {isa = PBXBuildFile; fileRef = 63A653272215E21400A22B69 /* Main.storyboard */; };
		63A6532C2215E21400A22B69 /* ImageUploader.xcdatamodeld in Sources */ = {isa = PBXBuildFile; fileRef = 63A6532A2215E21400A22B69 /* ImageUploader.xcdatamodeld */; };
		63A6532E2215E21700A22B69 /* Assets.xcassets in Resources */ = {isa = PBXBuildFile; fileRef = 63A6532D2215E21700A22B69 /* Assets.xcassets */; };
		63A653312215E21700A22B69 /* LaunchScreen.storyboard in Resources */ = {isa = PBXBuildFile; fileRef = 63A6532F2215E21700A22B69 /* LaunchScreen.storyboard */; };
		63A6533B2216005300A22B69 /* LinksViewController.swift in Sources */ = {isa = PBXBuildFile; fileRef = 63A6533A2216005300A22B69 /* LinksViewController.swift */; };
		63A6533E221600AA00A22B69 /* CollectionViewCell.swift in Sources */ = {isa = PBXBuildFile; fileRef = 63A6533C221600AA00A22B69 /* CollectionViewCell.swift */; };
		63A6533F221600AA00A22B69 /* CollectionViewCell.xib in Resources */ = {isa = PBXBuildFile; fileRef = 63A6533D221600AA00A22B69 /* CollectionViewCell.xib */; };
		63B53638221C597A00CA8765 /* CheckInternetConnection.swift in Sources */ = {isa = PBXBuildFile; fileRef = 63B53637221C597A00CA8765 /* CheckInternetConnection.swift */; };
		63E748BA221ACA66006E63C0 /* PostImage.swift in Sources */ = {isa = PBXBuildFile; fileRef = 63E748B9221ACA66006E63C0 /* PostImage.swift */; };
		63E748BE221B68CC006E63C0 /* SingletonArrays.swift in Sources */ = {isa = PBXBuildFile; fileRef = 63E748BD221B68CC006E63C0 /* SingletonArrays.swift */; };
		8063DAB01370A507AD7E5721 /* Pods_ImageUploader.framework in Frameworks */ = {isa = PBXBuildFile; fileRef = B89380DF57CF8EC184CC0743 /* Pods_ImageUploader.framework */; };
/* End PBXBuildFile section */

/* Begin PBXFileReference section */
		1EFC7D60673FD05BDA299B22 /* Pods-ImageUploader.debug.xcconfig */ = {isa = PBXFileReference; includeInIndex = 1; lastKnownFileType = text.xcconfig; name = "Pods-ImageUploader.debug.xcconfig"; path = "Pods/Target Support Files/Pods-ImageUploader/Pods-ImageUploader.debug.xcconfig"; sourceTree = "<group>"; };
		22B0F8AA0045879246657A69 /* Pods-ImageUploader.release.xcconfig */ = {isa = PBXFileReference; includeInIndex = 1; lastKnownFileType = text.xcconfig; name = "Pods-ImageUploader.release.xcconfig"; path = "Pods/Target Support Files/Pods-ImageUploader/Pods-ImageUploader.release.xcconfig"; sourceTree = "<group>"; };
		6327193122177F3D00934E85 /* PhotosFetch.swift */ = {isa = PBXFileReference; lastKnownFileType = sourcecode.swift; path = PhotosFetch.swift; sourceTree = "<group>"; };
		637F4CE92219CE700076EA7E /* AlertController.swift */ = {isa = PBXFileReference; lastKnownFileType = sourcecode.swift; path = AlertController.swift; sourceTree = "<group>"; };
		637F4CEB2219F8BD0076EA7E /* CoreDataMethods.swift */ = {isa = PBXFileReference; lastKnownFileType = sourcecode.swift; path = CoreDataMethods.swift; sourceTree = "<group>"; };
		63A653202215E21400A22B69 /* ImageUploader.app */ = {isa = PBXFileReference; explicitFileType = wrapper.application; includeInIndex = 0; path = ImageUploader.app; sourceTree = BUILT_PRODUCTS_DIR; };
		63A653232215E21400A22B69 /* AppDelegate.swift */ = {isa = PBXFileReference; lastKnownFileType = sourcecode.swift; path = AppDelegate.swift; sourceTree = "<group>"; };
		63A653252215E21400A22B69 /* GalleryViewController.swift */ = {isa = PBXFileReference; lastKnownFileType = sourcecode.swift; path = GalleryViewController.swift; sourceTree = "<group>"; };
		63A653282215E21400A22B69 /* Base */ = {isa = PBXFileReference; lastKnownFileType = file.storyboard; name = Base; path = Base.lproj/Main.storyboard; sourceTree = "<group>"; };
		63A6532B2215E21400A22B69 /* ImageUploader.xcdatamodel */ = {isa = PBXFileReference; lastKnownFileType = wrapper.xcdatamodel; path = ImageUploader.xcdatamodel; sourceTree = "<group>"; };
		63A6532D2215E21700A22B69 /* Assets.xcassets */ = {isa = PBXFileReference; lastKnownFileType = folder.assetcatalog; path = Assets.xcassets; sourceTree = "<group>"; };
		63A653302215E21700A22B69 /* Base */ = {isa = PBXFileReference; lastKnownFileType = file.storyboard; name = Base; path = Base.lproj/LaunchScreen.storyboard; sourceTree = "<group>"; };
		63A653322215E21700A22B69 /* Info.plist */ = {isa = PBXFileReference; lastKnownFileType = text.plist.xml; path = Info.plist; sourceTree = "<group>"; };
		63A6533A2216005300A22B69 /* LinksViewController.swift */ = {isa = PBXFileReference; lastKnownFileType = sourcecode.swift; path = LinksViewController.swift; sourceTree = "<group>"; };
		63A6533C221600AA00A22B69 /* CollectionViewCell.swift */ = {isa = PBXFileReference; lastKnownFileType = sourcecode.swift; path = CollectionViewCell.swift; sourceTree = "<group>"; };
		63A6533D221600AA00A22B69 /* CollectionViewCell.xib */ = {isa = PBXFileReference; lastKnownFileType = file.xib; path = CollectionViewCell.xib; sourceTree = "<group>"; };
		63B53637221C597A00CA8765 /* CheckInternetConnection.swift */ = {isa = PBXFileReference; lastKnownFileType = sourcecode.swift; path = CheckInternetConnection.swift; sourceTree = "<group>"; };
		63E748B9221ACA66006E63C0 /* PostImage.swift */ = {isa = PBXFileReference; lastKnownFileType = sourcecode.swift; path = PostImage.swift; sourceTree = "<group>"; };
		63E748BD221B68CC006E63C0 /* SingletonArrays.swift */ = {isa = PBXFileReference; lastKnownFileType = sourcecode.swift; path = SingletonArrays.swift; sourceTree = "<group>"; };
		B89380DF57CF8EC184CC0743 /* Pods_ImageUploader.framework */ = {isa = PBXFileReference; explicitFileType = wrapper.framework; includeInIndex = 0; path = Pods_ImageUploader.framework; sourceTree = BUILT_PRODUCTS_DIR; };
/* End PBXFileReference section */

/* Begin PBXFrameworksBuildPhase section */
		63A6531D2215E21300A22B69 /* Frameworks */ = {
			isa = PBXFrameworksBuildPhase;
			buildActionMask = 2147483647;
			files = (
				8063DAB01370A507AD7E5721 /* Pods_ImageUploader.framework in Frameworks */,
			);
			runOnlyForDeploymentPostprocessing = 0;
		};
/* End PBXFrameworksBuildPhase section */

/* Begin PBXGroup section */
		47A5EFF19CF6937ED077B518 /* Frameworks */ = {
			isa = PBXGroup;
			children = (
				B89380DF57CF8EC184CC0743 /* Pods_ImageUploader.framework */,
			);
			name = Frameworks;
			sourceTree = "<group>";
		};
		4B74AF281E7EDC1FB2406269 /* Pods */ = {
			isa = PBXGroup;
			children = (
				1EFC7D60673FD05BDA299B22 /* Pods-ImageUploader.debug.xcconfig */,
				22B0F8AA0045879246657A69 /* Pods-ImageUploader.release.xcconfig */,
			);
			name = Pods;
			sourceTree = "<group>";
		};
		6327192F2217711800934E85 /* Cell */ = {
			isa = PBXGroup;
			children = (
				63A6533C221600AA00A22B69 /* CollectionViewCell.swift */,
				63A6533D221600AA00A22B69 /* CollectionViewCell.xib */,
			);
			path = Cell;
			sourceTree = "<group>";
		};
		63A653172215E21300A22B69 = {
			isa = PBXGroup;
			children = (
				63A653222215E21400A22B69 /* ImageUploader */,
				63A653212215E21400A22B69 /* Products */,
				4B74AF281E7EDC1FB2406269 /* Pods */,
				47A5EFF19CF6937ED077B518 /* Frameworks */,
			);
			sourceTree = "<group>";
		};
		63A653212215E21400A22B69 /* Products */ = {
			isa = PBXGroup;
			children = (
				63A653202215E21400A22B69 /* ImageUploader.app */,
			);
			name = Products;
			sourceTree = "<group>";
		};
		63A653222215E21400A22B69 /* ImageUploader */ = {
			isa = PBXGroup;
			children = (
				63A653232215E21400A22B69 /* AppDelegate.swift */,
				63E748BC221AECE4006E63C0 /* ViewControllers */,
				63E748BB221AEC93006E63C0 /* Methods */,
				63B53639221C76D800CA8765 /* Singleton */,
				6327192F2217711800934E85 /* Cell */,
				63A653272215E21400A22B69 /* Main.storyboard */,
				63A6532D2215E21700A22B69 /* Assets.xcassets */,
				63A6532F2215E21700A22B69 /* LaunchScreen.storyboard */,
				63A653322215E21700A22B69 /* Info.plist */,
				63A6532A2215E21400A22B69 /* ImageUploader.xcdatamodeld */,
			);
			path = ImageUploader;
			sourceTree = "<group>";
		};
		63B53639221C76D800CA8765 /* Singleton */ = {
			isa = PBXGroup;
			children = (
				63E748BD221B68CC006E63C0 /* SingletonArrays.swift */,
			);
			path = Singleton;
			sourceTree = "<group>";
		};
		63E748BB221AEC93006E63C0 /* Methods */ = {
			isa = PBXGroup;
			children = (
				637F4CE92219CE700076EA7E /* AlertController.swift */,
				63B53637221C597A00CA8765 /* CheckInternetConnection.swift */,
				637F4CEB2219F8BD0076EA7E /* CoreDataMethods.swift */,
				6327193122177F3D00934E85 /* PhotosFetch.swift */,
				63E748B9221ACA66006E63C0 /* PostImage.swift */,
			);
			path = Methods;
			sourceTree = "<group>";
		};
		63E748BC221AECE4006E63C0 /* ViewControllers */ = {
			isa = PBXGroup;
			children = (
				63A653252215E21400A22B69 /* GalleryViewController.swift */,
				63A6533A2216005300A22B69 /* LinksViewController.swift */,
			);
			path = ViewControllers;
			sourceTree = "<group>";
		};
/* End PBXGroup section */

/* Begin PBXNativeTarget section */
		63A6531F2215E21300A22B69 /* ImageUploader */ = {
			isa = PBXNativeTarget;
			buildConfigurationList = 63A653352215E21700A22B69 /* Build configuration list for PBXNativeTarget "ImageUploader" */;
			buildPhases = (
				1E58783BE3FEA925A1F6F982 /* [CP] Check Pods Manifest.lock */,
				63A6531C2215E21300A22B69 /* Sources */,
				63A6531D2215E21300A22B69 /* Frameworks */,
				63A6531E2215E21300A22B69 /* Resources */,
				94F090336A9D3A85E915C662 /* [CP] Embed Pods Frameworks */,
			);
			buildRules = (
			);
			dependencies = (
			);
			name = ImageUploader;
			productName = ImageUploader;
			productReference = 63A653202215E21400A22B69 /* ImageUploader.app */;
			productType = "com.apple.product-type.application";
		};
/* End PBXNativeTarget section */

/* Begin PBXProject section */
		63A653182215E21300A22B69 /* Project object */ = {
			isa = PBXProject;
			attributes = {
				LastSwiftUpdateCheck = 0940;
				LastUpgradeCheck = 0940;
				ORGANIZATIONNAME = "Bogdan Magala";
				TargetAttributes = {
					63A6531F2215E21300A22B69 = {
						CreatedOnToolsVersion = 9.4;
					};
				};
			};
			buildConfigurationList = 63A6531B2215E21300A22B69 /* Build configuration list for PBXProject "ImageUploader" */;
			compatibilityVersion = "Xcode 9.3";
			developmentRegion = en;
			hasScannedForEncodings = 0;
			knownRegions = (
				en,
				Base,
			);
			mainGroup = 63A653172215E21300A22B69;
			productRefGroup = 63A653212215E21400A22B69 /* Products */;
			projectDirPath = "";
			projectRoot = "";
			targets = (
				63A6531F2215E21300A22B69 /* ImageUploader */,
			);
		};
/* End PBXProject section */

/* Begin PBXResourcesBuildPhase section */
		63A6531E2215E21300A22B69 /* Resources */ = {
			isa = PBXResourcesBuildPhase;
			buildActionMask = 2147483647;
			files = (
				63A653312215E21700A22B69 /* LaunchScreen.storyboard in Resources */,
				63A6532E2215E21700A22B69 /* Assets.xcassets in Resources */,
				63A6533F221600AA00A22B69 /* CollectionViewCell.xib in Resources */,
				63A653292215E21400A22B69 /* Main.storyboard in Resources */,
			);
			runOnlyForDeploymentPostprocessing = 0;
		};
/* End PBXResourcesBuildPhase section */

/* Begin PBXShellScriptBuildPhase section */
		1E58783BE3FEA925A1F6F982 /* [CP] Check Pods Manifest.lock */ = {
			isa = PBXShellScriptBuildPhase;
			buildActionMask = 2147483647;
			files = (
			);
			inputPaths = (
				"${PODS_PODFILE_DIR_PATH}/Podfile.lock",
				"${PODS_ROOT}/Manifest.lock",
			);
			name = "[CP] Check Pods Manifest.lock";
			outputPaths = (
				"$(DERIVED_FILE_DIR)/Pods-ImageUploader-checkManifestLockResult.txt",
			);
			runOnlyForDeploymentPostprocessing = 0;
			shellPath = /bin/sh;
			shellScript = "diff \"${PODS_PODFILE_DIR_PATH}/Podfile.lock\" \"${PODS_ROOT}/Manifest.lock\" > /dev/null\nif [ $? != 0 ] ; then\n    # print error to STDERR\n    echo \"error: The sandbox is not in sync with the Podfile.lock. Run 'pod install' or update your CocoaPods installation.\" >&2\n    exit 1\nfi\n# This output is used by Xcode 'outputs' to avoid re-running this script phase.\necho \"SUCCESS\" > \"${SCRIPT_OUTPUT_FILE_0}\"\n";
			showEnvVarsInLog = 0;
		};
		94F090336A9D3A85E915C662 /* [CP] Embed Pods Frameworks */ = {
			isa = PBXShellScriptBuildPhase;
			buildActionMask = 2147483647;
			files = (
			);
			inputPaths = (
				"${SRCROOT}/Pods/Target Support Files/Pods-ImageUploader/Pods-ImageUploader-frameworks.sh",
				"${BUILT_PRODUCTS_DIR}/Alamofire/Alamofire.framework",
			);
			name = "[CP] Embed Pods Frameworks";
			outputPaths = (
				"${TARGET_BUILD_DIR}/${FRAMEWORKS_FOLDER_PATH}/Alamofire.framework",
			);
			runOnlyForDeploymentPostprocessing = 0;
			shellPath = /bin/sh;
			shellScript = "\"${SRCROOT}/Pods/Target Support Files/Pods-ImageUploader/Pods-ImageUploader-frameworks.sh\"\n";
			showEnvVarsInLog = 0;
		};
/* End PBXShellScriptBuildPhase section */

/* Begin PBXSourcesBuildPhase section */
		63A6531C2215E21300A22B69 /* Sources */ = {
			isa = PBXSourcesBuildPhase;
			buildActionMask = 2147483647;
			files = (
				63A6533E221600AA00A22B69 /* CollectionViewCell.swift in Sources */,
				6327193222177F3D00934E85 /* PhotosFetch.swift in Sources */,
				63A6533B2216005300A22B69 /* LinksViewController.swift in Sources */,
				63B53638221C597A00CA8765 /* CheckInternetConnection.swift in Sources */,
				63E748BA221ACA66006E63C0 /* PostImage.swift in Sources */,
				63A653262215E21400A22B69 /* GalleryViewController.swift in Sources */,
				637F4CEA2219CE700076EA7E /* AlertController.swift in Sources */,
				63A653242215E21400A22B69 /* AppDelegate.swift in Sources */,
				63A6532C2215E21400A22B69 /* ImageUploader.xcdatamodeld in Sources */,
				63E748BE221B68CC006E63C0 /* SingletonArrays.swift in Sources */,
				637F4CEC2219F8BD0076EA7E /* CoreDataMethods.swift in Sources */,
			);
			runOnlyForDeploymentPostprocessing = 0;
		};
/* End PBXSourcesBuildPhase section */

/* Begin PBXVariantGroup section */
		63A653272215E21400A22B69 /* Main.storyboard */ = {
			isa = PBXVariantGroup;
			children = (
				63A653282215E21400A22B69 /* Base */,
			);
			name = Main.storyboard;
			sourceTree = "<group>";
		};
		63A6532F2215E21700A22B69 /* LaunchScreen.storyboard */ = {
			isa = PBXVariantGroup;
			children = (
				63A653302215E21700A22B69 /* Base */,
			);
			name = LaunchScreen.storyboard;
			sourceTree = "<group>";
		};
/* End PBXVariantGroup section */

/* Begin XCBuildConfiguration section */
		63A653332215E21700A22B69 /* Debug */ = {
			isa = XCBuildConfiguration;
			buildSettings = {
				ALWAYS_SEARCH_USER_PATHS = NO;
				CLANG_ANALYZER_NONNULL = YES;
				CLANG_ANALYZER_NUMBER_OBJECT_CONVERSION = YES_AGGRESSIVE;
				CLANG_CXX_LANGUAGE_STANDARD = "gnu++14";
				CLANG_CXX_LIBRARY = "libc++";
				CLANG_ENABLE_MODULES = YES;
				CLANG_ENABLE_OBJC_ARC = YES;
				CLANG_ENABLE_OBJC_WEAK = YES;
				CLANG_WARN_BLOCK_CAPTURE_AUTORELEASING = YES;
				CLANG_WARN_BOOL_CONVERSION = YES;
				CLANG_WARN_COMMA = YES;
				CLANG_WARN_CONSTANT_CONVERSION = YES;
				CLANG_WARN_DEPRECATED_OBJC_IMPLEMENTATIONS = YES;
				CLANG_WARN_DIRECT_OBJC_ISA_USAGE = YES_ERROR;
				CLANG_WARN_DOCUMENTATION_COMMENTS = YES;
				CLANG_WARN_EMPTY_BODY = YES;
				CLANG_WARN_ENUM_CONVERSION = YES;
				CLANG_WARN_INFINITE_RECURSION = YES;
				CLANG_WARN_INT_CONVERSION = YES;
				CLANG_WARN_NON_LITERAL_NULL_CONVERSION = YES;
				CLANG_WARN_OBJC_IMPLICIT_RETAIN_SELF = YES;
				CLANG_WARN_OBJC_LITERAL_CONVERSION = YES;
				CLANG_WARN_OBJC_ROOT_CLASS = YES_ERROR;
				CLANG_WARN_RANGE_LOOP_ANALYSIS = YES;
				CLANG_WARN_STRICT_PROTOTYPES = YES;
				CLANG_WARN_SUSPICIOUS_MOVE = YES;
				CLANG_WARN_UNGUARDED_AVAILABILITY = YES_AGGRESSIVE;
				CLANG_WARN_UNREACHABLE_CODE = YES;
				CLANG_WARN__DUPLICATE_METHOD_MATCH = YES;
				CODE_SIGN_IDENTITY = "iPhone Developer";
				COPY_PHASE_STRIP = NO;
				DEBUG_INFORMATION_FORMAT = dwarf;
				ENABLE_STRICT_OBJC_MSGSEND = YES;
				ENABLE_TESTABILITY = YES;
				GCC_C_LANGUAGE_STANDARD = gnu11;
				GCC_DYNAMIC_NO_PIC = NO;
				GCC_NO_COMMON_BLOCKS = YES;
				GCC_OPTIMIZATION_LEVEL = 0;
				GCC_PREPROCESSOR_DEFINITIONS = (
					"DEBUG=1",
					"$(inherited)",
				);
				GCC_WARN_64_TO_32_BIT_CONVERSION = YES;
				GCC_WARN_ABOUT_RETURN_TYPE = YES_ERROR;
				GCC_WARN_UNDECLARED_SELECTOR = YES;
				GCC_WARN_UNINITIALIZED_AUTOS = YES_AGGRESSIVE;
				GCC_WARN_UNUSED_FUNCTION = YES;
				GCC_WARN_UNUSED_VARIABLE = YES;
				IPHONEOS_DEPLOYMENT_TARGET = 11.4;
				MTL_ENABLE_DEBUG_INFO = YES;
				ONLY_ACTIVE_ARCH = YES;
				SDKROOT = iphoneos;
				SWIFT_ACTIVE_COMPILATION_CONDITIONS = DEBUG;
				SWIFT_OPTIMIZATION_LEVEL = "-Onone";
			};
			name = Debug;
		};
		63A653342215E21700A22B69 /* Release */ = {
			isa = XCBuildConfiguration;
			buildSettings = {
				ALWAYS_SEARCH_USER_PATHS = NO;
				CLANG_ANALYZER_NONNULL = YES;
				CLANG_ANALYZER_NUMBER_OBJECT_CONVERSION = YES_AGGRESSIVE;
				CLANG_CXX_LANGUAGE_STANDARD = "gnu++14";
				CLANG_CXX_LIBRARY = "libc++";
				CLANG_ENABLE_MODULES = YES;
				CLANG_ENABLE_OBJC_ARC = YES;
				CLANG_ENABLE_OBJC_WEAK = YES;
				CLANG_WARN_BLOCK_CAPTURE_AUTORELEASING = YES;
				CLANG_WARN_BOOL_CONVERSION = YES;
				CLANG_WARN_COMMA = YES;
				CLANG_WARN_CONSTANT_CONVERSION = YES;
				CLANG_WARN_DEPRECATED_OBJC_IMPLEMENTATIONS = YES;
				CLANG_WARN_DIRECT_OBJC_ISA_USAGE = YES_ERROR;
				CLANG_WARN_DOCUMENTATION_COMMENTS = YES;
				CLANG_WARN_EMPTY_BODY = YES;
				CLANG_WARN_ENUM_CONVERSION = YES;
				CLANG_WARN_INFINITE_RECURSION = YES;
				CLANG_WARN_INT_CONVERSION = YES;
				CLANG_WARN_NON_LITERAL_NULL_CONVERSION = YES;
				CLANG_WARN_OBJC_IMPLICIT_RETAIN_SELF = YES;
				CLANG_WARN_OBJC_LITERAL_CONVERSION = YES;
				CLANG_WARN_OBJC_ROOT_CLASS = YES_ERROR;
				CLANG_WARN_RANGE_LOOP_ANALYSIS = YES;
				CLANG_WARN_STRICT_PROTOTYPES = YES;
				CLANG_WARN_SUSPICIOUS_MOVE = YES;
				CLANG_WARN_UNGUARDED_AVAILABILITY = YES_AGGRESSIVE;
				CLANG_WARN_UNREACHABLE_CODE = YES;
				CLANG_WARN__DUPLICATE_METHOD_MATCH = YES;
				CODE_SIGN_IDENTITY = "iPhone Developer";
				COPY_PHASE_STRIP = NO;
				DEBUG_INFORMATION_FORMAT = "dwarf-with-dsym";
				ENABLE_NS_ASSERTIONS = NO;
				ENABLE_STRICT_OBJC_MSGSEND = YES;
				GCC_C_LANGUAGE_STANDARD = gnu11;
				GCC_NO_COMMON_BLOCKS = YES;
				GCC_WARN_64_TO_32_BIT_CONVERSION = YES;
				GCC_WARN_ABOUT_RETURN_TYPE = YES_ERROR;
				GCC_WARN_UNDECLARED_SELECTOR = YES;
				GCC_WARN_UNINITIALIZED_AUTOS = YES_AGGRESSIVE;
				GCC_WARN_UNUSED_FUNCTION = YES;
				GCC_WARN_UNUSED_VARIABLE = YES;
				IPHONEOS_DEPLOYMENT_TARGET = 11.4;
				MTL_ENABLE_DEBUG_INFO = NO;
				SDKROOT = iphoneos;
				SWIFT_COMPILATION_MODE = wholemodule;
				SWIFT_OPTIMIZATION_LEVEL = "-O";
				VALIDATE_PRODUCT = YES;
			};
			name = Release;
		};
		63A653362215E21700A22B69 /* Debug */ = {
			isa = XCBuildConfiguration;
			baseConfigurationReference = 1EFC7D60673FD05BDA299B22 /* Pods-ImageUploader.debug.xcconfig */;
			buildSettings = {
				ASSETCATALOG_COMPILER_APPICON_NAME = AppIcon;
				CODE_SIGN_STYLE = Automatic;
				DEVELOPMENT_TEAM = 349M29QB78;
				INFOPLIST_FILE = ImageUploader/Info.plist;
				IPHONEOS_DEPLOYMENT_TARGET = 10.0;
				LD_RUNPATH_SEARCH_PATHS = (
					"$(inherited)",
					"@executable_path/Frameworks",
				);
				PRODUCT_BUNDLE_IDENTIFIER = Magala.ImageUploader;
				PRODUCT_NAME = "$(TARGET_NAME)";
				SWIFT_VERSION = 4.0;
				TARGETED_DEVICE_FAMILY = "1,2";
			};
			name = Debug;
		};
		63A653372215E21700A22B69 /* Release */ = {
			isa = XCBuildConfiguration;
			baseConfigurationReference = 22B0F8AA0045879246657A69 /* Pods-ImageUploader.release.xcconfig */;
			buildSettings = {
				ASSETCATALOG_COMPILER_APPICON_NAME = AppIcon;
				CODE_SIGN_STYLE = Automatic;
				DEVELOPMENT_TEAM = 349M29QB78;
				INFOPLIST_FILE = ImageUploader/Info.plist;
				IPHONEOS_DEPLOYMENT_TARGET = 10.0;
				LD_RUNPATH_SEARCH_PATHS = (
					"$(inherited)",
					"@executable_path/Frameworks",
				);
				PRODUCT_BUNDLE_IDENTIFIER = Magala.ImageUploader;
				PRODUCT_NAME = "$(TARGET_NAME)";
				SWIFT_VERSION = 4.0;
				TARGETED_DEVICE_FAMILY = "1,2";
			};
			name = Release;
		};
/* End XCBuildConfiguration section */

/* Begin XCConfigurationList section */
		63A6531B2215E21300A22B69 /* Build configuration list for PBXProject "ImageUploader" */ = {
			isa = XCConfigurationList;
			buildConfigurations = (
				63A653332215E21700A22B69 /* Debug */,
				63A653342215E21700A22B69 /* Release */,
			);
			defaultConfigurationIsVisible = 0;
			defaultConfigurationName = Release;
		};
		63A653352215E21700A22B69 /* Build configuration list for PBXNativeTarget "ImageUploader" */ = {
			isa = XCConfigurationList;
			buildConfigurations = (
				63A653362215E21700A22B69 /* Debug */,
				63A653372215E21700A22B69 /* Release */,
			);
			defaultConfigurationIsVisible = 0;
			defaultConfigurationName = Release;
		};
/* End XCConfigurationList section */

/* Begin XCVersionGroup section */
		63A6532A2215E21400A22B69 /* ImageUploader.xcdatamodeld */ = {
			isa = XCVersionGroup;
			children = (
				63A6532B2215E21400A22B69 /* ImageUploader.xcdatamodel */,
			);
			currentVersion = 63A6532B2215E21400A22B69 /* ImageUploader.xcdatamodel */;
			path = ImageUploader.xcdatamodeld;
			sourceTree = "<group>";
			versionGroupType = wrapper.xcdatamodel;
		};
/* End XCVersionGroup section */
	};
	rootObject = 63A653182215E21300A22B69 /* Project object */;
}
